
Microsoft Visual Studio Solution File, Format Version 12.00
# Visual Studio Version 16
VisualStudioVersion = 16.0.29102.190
MinimumVisualStudioVersion = 10.0.40219.1
Project("{FAE04EC0-301F-11D3-BF4B-00C04F79EFBC}") = "telefonkönyv", "telefonkönyv\telefonkönyv.csproj", "{FD28B7E3-6D88-4C16-974E-1E3656DFA51F}"
EndProject
Global
	GlobalSection(SolutionConfigurationPlatforms) = preSolution
		Debug|Any CPU = Debug|Any CPU
		Release|Any CPU = Release|Any CPU
	EndGlobalSection
	GlobalSection(ProjectConfigurationPlatforms) = postSolution
		{FD28B7E3-6D88-4C16-974E-1E3656DFA51F}.Debug|Any CPU.ActiveCfg = Debug|Any CPU
		{FD28B7E3-6D88-4C16-974E-1E3656DFA51F}.Debug|Any CPU.Build.0 = Debug|Any CPU
		{FD28B7E3-6D88-4C16-974E-1E3656DFA51F}.Release|Any CPU.ActiveCfg = Release|Any CPU
		{FD28B7E3-6D88-4C16-974E-1E3656DFA51F}.Release|Any CPU.Build.0 = Release|Any CPU
	EndGlobalSection
	GlobalSection(SolutionProperties) = preSolution
		HideSolutionNode = FALSE
	EndGlobalSection
	GlobalSection(ExtensibilityGlobals) = postSolution
		SolutionGuid = {A8E2CD14-D80C-405F-8863-7A8267A8AB3A}
	EndGlobalSection
EndGlobal
